// !$*UTF8*$!
{
	archiveVersion = 1;
	classes = {
	};
	objectVersion = 55;
	objects = {

/* Begin PBXBuildFile section */
		88C3D78B27F3B148000928A1 /* rpi_traveler_appApp.swift in Sources */ = {isa = PBXBuildFile; fileRef = 88C3D78A27F3B148000928A1 /* rpi_traveler_appApp.swift */; };
		88C3D78D27F3B148000928A1 /* ContentView.swift in Sources */ = {isa = PBXBuildFile; fileRef = 88C3D78C27F3B148000928A1 /* ContentView.swift */; };
		88C3D78F27F3B14B000928A1 /* Assets.xcassets in Resources */ = {isa = PBXBuildFile; fileRef = 88C3D78E27F3B14B000928A1 /* Assets.xcassets */; };
		88C3D79227F3B14B000928A1 /* Preview Assets.xcassets in Resources */ = {isa = PBXBuildFile; fileRef = 88C3D79127F3B14B000928A1 /* Preview Assets.xcassets */; };
		88C3D79427F3B14B000928A1 /* Persistence.swift in Sources */ = {isa = PBXBuildFile; fileRef = 88C3D79327F3B14B000928A1 /* Persistence.swift */; };
		88C3D79727F3B14B000928A1 /* rpi_traveler_app.xcdatamodeld in Sources */ = {isa = PBXBuildFile; fileRef = 88C3D79527F3B14B000928A1 /* rpi_traveler_app.xcdatamodeld */; };
		88C3D7A127F3B14B000928A1 /* rpi_traveler_appTests.swift in Sources */ = {isa = PBXBuildFile; fileRef = 88C3D7A027F3B14B000928A1 /* rpi_traveler_appTests.swift */; };
		88C3D7AB27F3B14C000928A1 /* rpi_traveler_appUITests.swift in Sources */ = {isa = PBXBuildFile; fileRef = 88C3D7AA27F3B14C000928A1 /* rpi_traveler_appUITests.swift */; };
		88C3D7AD27F3B14C000928A1 /* rpi_traveler_appUITestsLaunchTests.swift in Sources */ = {isa = PBXBuildFile; fileRef = 88C3D7AC27F3B14C000928A1 /* rpi_traveler_appUITestsLaunchTests.swift */; };
		88C3D7BA27F3B85B000928A1 /* Data.swift in Sources */ = {isa = PBXBuildFile; fileRef = 88C3D7B927F3B85B000928A1 /* Data.swift */; };
/* End PBXBuildFile section */

/* Begin PBXContainerItemProxy section */
		88C3D79D27F3B14B000928A1 /* PBXContainerItemProxy */ = {
			isa = PBXContainerItemProxy;
			containerPortal = 88C3D77F27F3B148000928A1 /* Project object */;
			proxyType = 1;
			remoteGlobalIDString = 88C3D78627F3B148000928A1;
			remoteInfo = rpi_traveler_app;
		};
		88C3D7A727F3B14C000928A1 /* PBXContainerItemProxy */ = {
			isa = PBXContainerItemProxy;
			containerPortal = 88C3D77F27F3B148000928A1 /* Project object */;
			proxyType = 1;
			remoteGlobalIDString = 88C3D78627F3B148000928A1;
			remoteInfo = rpi_traveler_app;
		};
/* End PBXContainerItemProxy section */

/* Begin PBXFileReference section */
		88C3D78727F3B148000928A1 /* rpi_traveler_app.app */ = {isa = PBXFileReference; explicitFileType = wrapper.application; includeInIndex = 0; path = rpi_traveler_app.app; sourceTree = BUILT_PRODUCTS_DIR; };
		88C3D78A27F3B148000928A1 /* rpi_traveler_appApp.swift */ = {isa = PBXFileReference; lastKnownFileType = sourcecode.swift; path = rpi_traveler_appApp.swift; sourceTree = "<group>"; };
		88C3D78C27F3B148000928A1 /* ContentView.swift */ = {isa = PBXFileReference; lastKnownFileType = sourcecode.swift; path = ContentView.swift; sourceTree = "<group>"; };
		88C3D78E27F3B14B000928A1 /* Assets.xcassets */ = {isa = PBXFileReference; lastKnownFileType = folder.assetcatalog; path = Assets.xcassets; sourceTree = "<group>"; };
		88C3D79127F3B14B000928A1 /* Preview Assets.xcassets */ = {isa = PBXFileReference; lastKnownFileType = folder.assetcatalog; path = "Preview Assets.xcassets"; sourceTree = "<group>"; };
		88C3D79327F3B14B000928A1 /* Persistence.swift */ = {isa = PBXFileReference; lastKnownFileType = sourcecode.swift; path = Persistence.swift; sourceTree = "<group>"; };
		88C3D79627F3B14B000928A1 /* rpi_traveler_app.xcdatamodel */ = {isa = PBXFileReference; lastKnownFileType = wrapper.xcdatamodel; path = rpi_traveler_app.xcdatamodel; sourceTree = "<group>"; };
		88C3D79C27F3B14B000928A1 /* rpi_traveler_appTests.xctest */ = {isa = PBXFileReference; explicitFileType = wrapper.cfbundle; includeInIndex = 0; path = rpi_traveler_appTests.xctest; sourceTree = BUILT_PRODUCTS_DIR; };
		88C3D7A027F3B14B000928A1 /* rpi_traveler_appTests.swift */ = {isa = PBXFileReference; lastKnownFileType = sourcecode.swift; path = rpi_traveler_appTests.swift; sourceTree = "<group>"; };
		88C3D7A627F3B14C000928A1 /* rpi_traveler_appUITests.xctest */ = {isa = PBXFileReference; explicitFileType = wrapper.cfbundle; includeInIndex = 0; path = rpi_traveler_appUITests.xctest; sourceTree = BUILT_PRODUCTS_DIR; };
		88C3D7AA27F3B14C000928A1 /* rpi_traveler_appUITests.swift */ = {isa = PBXFileReference; lastKnownFileType = sourcecode.swift; path = rpi_traveler_appUITests.swift; sourceTree = "<group>"; };
		88C3D7AC27F3B14C000928A1 /* rpi_traveler_appUITestsLaunchTests.swift */ = {isa = PBXFileReference; lastKnownFileType = sourcecode.swift; path = rpi_traveler_appUITestsLaunchTests.swift; sourceTree = "<group>"; };
		88C3D7B927F3B85B000928A1 /* Data.swift */ = {isa = PBXFileReference; lastKnownFileType = sourcecode.swift; path = Data.swift; sourceTree = "<group>"; };
/* End PBXFileReference section */

/* Begin PBXFrameworksBuildPhase section */
		88C3D78427F3B148000928A1 /* Frameworks */ = {
			isa = PBXFrameworksBuildPhase;
			buildActionMask = 2147483647;
			files = (
			);
			runOnlyForDeploymentPostprocessing = 0;
		};
		88C3D79927F3B14B000928A1 /* Frameworks */ = {
			isa = PBXFrameworksBuildPhase;
			buildActionMask = 2147483647;
			files = (
			);
			runOnlyForDeploymentPostprocessing = 0;
		};
		88C3D7A327F3B14B000928A1 /* Frameworks */ = {
			isa = PBXFrameworksBuildPhase;
			buildActionMask = 2147483647;
			files = (
			);
			runOnlyForDeploymentPostprocessing = 0;
		};
/* End PBXFrameworksBuildPhase section */

/* Begin PBXGroup section */
		88C3D77E27F3B148000928A1 = {
			isa = PBXGroup;
			children = (
				88C3D78927F3B148000928A1 /* rpi_traveler_app */,
				88C3D79F27F3B14B000928A1 /* rpi_traveler_appTests */,
				88C3D7A927F3B14C000928A1 /* rpi_traveler_appUITests */,
				88C3D78827F3B148000928A1 /* Products */,
			);
			sourceTree = "<group>";
		};
		88C3D78827F3B148000928A1 /* Products */ = {
			isa = PBXGroup;
			children = (
				88C3D78727F3B148000928A1 /* rpi_traveler_app.app */,
				88C3D79C27F3B14B000928A1 /* rpi_traveler_appTests.xctest */,
				88C3D7A627F3B14C000928A1 /* rpi_traveler_appUITests.xctest */,
			);
			name = Products;
			sourceTree = "<group>";
		};
		88C3D78927F3B148000928A1 /* rpi_traveler_app */ = {
			isa = PBXGroup;
			children = (
				88C3D78A27F3B148000928A1 /* rpi_traveler_appApp.swift */,
				88C3D78C27F3B148000928A1 /* ContentView.swift */,
				88C3D78E27F3B14B000928A1 /* Assets.xcassets */,
				88C3D79327F3B14B000928A1 /* Persistence.swift */,
				88C3D79527F3B14B000928A1 /* rpi_traveler_app.xcdatamodeld */,
				88C3D79027F3B14B000928A1 /* Preview Content */,
				88C3D7B927F3B85B000928A1 /* Data.swift */,
			);
			path = rpi_traveler_app;
			sourceTree = "<group>";
		};
		88C3D79027F3B14B000928A1 /* Preview Content */ = {
			isa = PBXGroup;
			children = (
				88C3D79127F3B14B000928A1 /* Preview Assets.xcassets */,
			);
			path = "Preview Content";
			sourceTree = "<group>";
		};
		88C3D79F27F3B14B000928A1 /* rpi_traveler_appTests */ = {
			isa = PBXGroup;
			children = (
				88C3D7A027F3B14B000928A1 /* rpi_traveler_appTests.swift */,
			);
			path = rpi_traveler_appTests;
			sourceTree = "<group>";
		};
		88C3D7A927F3B14C000928A1 /* rpi_traveler_appUITests */ = {
			isa = PBXGroup;
			children = (
				88C3D7AA27F3B14C000928A1 /* rpi_traveler_appUITests.swift */,
				88C3D7AC27F3B14C000928A1 /* rpi_traveler_appUITestsLaunchTests.swift */,
			);
			path = rpi_traveler_appUITests;
			sourceTree = "<group>";
		};
/* End PBXGroup section */

/* Begin PBXNativeTarget section */
		88C3D78627F3B148000928A1 /* rpi_traveler_app */ = {
			isa = PBXNativeTarget;
			buildConfigurationList = 88C3D7B027F3B14C000928A1 /* Build configuration list for PBXNativeTarget "rpi_traveler_app" */;
			buildPhases = (
				88C3D78327F3B148000928A1 /* Sources */,
				88C3D78427F3B148000928A1 /* Frameworks */,
				88C3D78527F3B148000928A1 /* Resources */,
			);
			buildRules = (
			);
			dependencies = (
			);
			name = rpi_traveler_app;
			productName = rpi_traveler_app;
			productReference = 88C3D78727F3B148000928A1 /* rpi_traveler_app.app */;
			productType = "com.apple.product-type.application";
		};
		88C3D79B27F3B14B000928A1 /* rpi_traveler_appTests */ = {
			isa = PBXNativeTarget;
			buildConfigurationList = 88C3D7B327F3B14C000928A1 /* Build configuration list for PBXNativeTarget "rpi_traveler_appTests" */;
			buildPhases = (
				88C3D79827F3B14B000928A1 /* Sources */,
				88C3D79927F3B14B000928A1 /* Frameworks */,
				88C3D79A27F3B14B000928A1 /* Resources */,
			);
			buildRules = (
			);
			dependencies = (
				88C3D79E27F3B14B000928A1 /* PBXTargetDependency */,
			);
			name = rpi_traveler_appTests;
			productName = rpi_traveler_appTests;
			productReference = 88C3D79C27F3B14B000928A1 /* rpi_traveler_appTests.xctest */;
			productType = "com.apple.product-type.bundle.unit-test";
		};
		88C3D7A527F3B14B000928A1 /* rpi_traveler_appUITests */ = {
			isa = PBXNativeTarget;
			buildConfigurationList = 88C3D7B627F3B14C000928A1 /* Build configuration list for PBXNativeTarget "rpi_traveler_appUITests" */;
			buildPhases = (
				88C3D7A227F3B14B000928A1 /* Sources */,
				88C3D7A327F3B14B000928A1 /* Frameworks */,
				88C3D7A427F3B14B000928A1 /* Resources */,
			);
			buildRules = (
			);
			dependencies = (
				88C3D7A827F3B14C000928A1 /* PBXTargetDependency */,
			);
			name = rpi_traveler_appUITests;
			productName = rpi_traveler_appUITests;
			productReference = 88C3D7A627F3B14C000928A1 /* rpi_traveler_appUITests.xctest */;
			productType = "com.apple.product-type.bundle.ui-testing";
		};
/* End PBXNativeTarget section */

/* Begin PBXProject section */
		88C3D77F27F3B148000928A1 /* Project object */ = {
			isa = PBXProject;
			attributes = {
				BuildIndependentTargetsInParallel = 1;
				LastSwiftUpdateCheck = 1330;
				LastUpgradeCheck = 1330;
				TargetAttributes = {
					88C3D78627F3B148000928A1 = {
						CreatedOnToolsVersion = 13.3;
					};
					88C3D79B27F3B14B000928A1 = {
						CreatedOnToolsVersion = 13.3;
						TestTargetID = 88C3D78627F3B148000928A1;
					};
					88C3D7A527F3B14B000928A1 = {
						CreatedOnToolsVersion = 13.3;
						TestTargetID = 88C3D78627F3B148000928A1;
					};
				};
			};
			buildConfigurationList = 88C3D78227F3B148000928A1 /* Build configuration list for PBXProject "rpi_traveler_app" */;
			compatibilityVersion = "Xcode 13.0";
			developmentRegion = en;
			hasScannedForEncodings = 0;
			knownRegions = (
				en,
				Base,
			);
			mainGroup = 88C3D77E27F3B148000928A1;
			productRefGroup = 88C3D78827F3B148000928A1 /* Products */;
			projectDirPath = "";
			projectRoot = "";
			targets = (
				88C3D78627F3B148000928A1 /* rpi_traveler_app */,
				88C3D79B27F3B14B000928A1 /* rpi_traveler_appTests */,
				88C3D7A527F3B14B000928A1 /* rpi_traveler_appUITests */,
			);
		};
/* End PBXProject section */

/* Begin PBXResourcesBuildPhase section */
		88C3D78527F3B148000928A1 /* Resources */ = {
			isa = PBXResourcesBuildPhase;
			buildActionMask = 2147483647;
			files = (
				88C3D79227F3B14B000928A1 /* Preview Assets.xcassets in Resources */,
				88C3D78F27F3B14B000928A1 /* Assets.xcassets in Resources */,
			);
			runOnlyForDeploymentPostprocessing = 0;
		};
		88C3D79A27F3B14B000928A1 /* Resources */ = {
			isa = PBXResourcesBuildPhase;
			buildActionMask = 2147483647;
			files = (
			);
			runOnlyForDeploymentPostprocessing = 0;
		};
		88C3D7A427F3B14B000928A1 /* Resources */ = {
			isa = PBXResourcesBuildPhase;
			buildActionMask = 2147483647;
			files = (
			);
			runOnlyForDeploymentPostprocessing = 0;
		};
/* End PBXResourcesBuildPhase section */

/* Begin PBXSourcesBuildPhase section */
		88C3D78327F3B148000928A1 /* Sources */ = {
			isa = PBXSourcesBuildPhase;
			buildActionMask = 2147483647;
			files = (
				88C3D79727F3B14B000928A1 /* rpi_traveler_app.xcdatamodeld in Sources */,
				88C3D7BA27F3B85B000928A1 /* Data.swift in Sources */,
				88C3D79427F3B14B000928A1 /* Persistence.swift in Sources */,
				88C3D78D27F3B148000928A1 /* ContentView.swift in Sources */,
				88C3D78B27F3B148000928A1 /* rpi_traveler_appApp.swift in Sources */,
			);
			runOnlyForDeploymentPostprocessing = 0;
		};
		88C3D79827F3B14B000928A1 /* Sources */ = {
			isa = PBXSourcesBuildPhase;
			buildActionMask = 2147483647;
			files = (
				88C3D7A127F3B14B000928A1 /* rpi_traveler_appTests.swift in Sources */,
			);
			runOnlyForDeploymentPostprocessing = 0;
		};
		88C3D7A227F3B14B000928A1 /* Sources */ = {
			isa = PBXSourcesBuildPhase;
			buildActionMask = 2147483647;
			files = (
				88C3D7AB27F3B14C000928A1 /* rpi_traveler_appUITests.swift in Sources */,
				88C3D7AD27F3B14C000928A1 /* rpi_traveler_appUITestsLaunchTests.swift in Sources */,
			);
			runOnlyForDeploymentPostprocessing = 0;
		};
/* End PBXSourcesBuildPhase section */

/* Begin PBXTargetDependency section */
		88C3D79E27F3B14B000928A1 /* PBXTargetDependency */ = {
			isa = PBXTargetDependency;
			target = 88C3D78627F3B148000928A1 /* rpi_traveler_app */;
			targetProxy = 88C3D79D27F3B14B000928A1 /* PBXContainerItemProxy */;
		};
		88C3D7A827F3B14C000928A1 /* PBXTargetDependency */ = {
			isa = PBXTargetDependency;
			target = 88C3D78627F3B148000928A1 /* rpi_traveler_app */;
			targetProxy = 88C3D7A727F3B14C000928A1 /* PBXContainerItemProxy */;
		};
/* End PBXTargetDependency section */

/* Begin XCBuildConfiguration section */
		88C3D7AE27F3B14C000928A1 /* Debug */ = {
			isa = XCBuildConfiguration;
			buildSettings = {
				ALWAYS_SEARCH_USER_PATHS = NO;
				CLANG_ANALYZER_NONNULL = YES;
				CLANG_ANALYZER_NUMBER_OBJECT_CONVERSION = YES_AGGRESSIVE;
				CLANG_CXX_LANGUAGE_STANDARD = "gnu++17";
				CLANG_ENABLE_MODULES = YES;
				CLANG_ENABLE_OBJC_ARC = YES;
				CLANG_ENABLE_OBJC_WEAK = YES;
				CLANG_WARN_BLOCK_CAPTURE_AUTORELEASING = YES;
				CLANG_WARN_BOOL_CONVERSION = YES;
				CLANG_WARN_COMMA = YES;
				CLANG_WARN_CONSTANT_CONVERSION = YES;
				CLANG_WARN_DEPRECATED_OBJC_IMPLEMENTATIONS = YES;
				CLANG_WARN_DIRECT_OBJC_ISA_USAGE = YES_ERROR;
				CLANG_WARN_DOCUMENTATION_COMMENTS = YES;
				CLANG_WARN_EMPTY_BODY = YES;
				CLANG_WARN_ENUM_CONVERSION = YES;
				CLANG_WARN_INFINITE_RECURSION = YES;
				CLANG_WARN_INT_CONVERSION = YES;
				CLANG_WARN_NON_LITERAL_NULL_CONVERSION = YES;
				CLANG_WARN_OBJC_IMPLICIT_RETAIN_SELF = YES;
				CLANG_WARN_OBJC_LITERAL_CONVERSION = YES;
				CLANG_WARN_OBJC_ROOT_CLASS = YES_ERROR;
				CLANG_WARN_QUOTED_INCLUDE_IN_FRAMEWORK_HEADER = YES;
				CLANG_WARN_RANGE_LOOP_ANALYSIS = YES;
				CLANG_WARN_STRICT_PROTOTYPES = YES;
				CLANG_WARN_SUSPICIOUS_MOVE = YES;
				CLANG_WARN_UNGUARDED_AVAILABILITY = YES_AGGRESSIVE;
				CLANG_WARN_UNREACHABLE_CODE = YES;
				CLANG_WARN__DUPLICATE_METHOD_MATCH = YES;
				COPY_PHASE_STRIP = NO;
				DEBUG_INFORMATION_FORMAT = dwarf;
				ENABLE_STRICT_OBJC_MSGSEND = YES;
				ENABLE_TESTABILITY = YES;
				GCC_C_LANGUAGE_STANDARD = gnu11;
				GCC_DYNAMIC_NO_PIC = NO;
				GCC_NO_COMMON_BLOCKS = YES;
				GCC_OPTIMIZATION_LEVEL = 0;
				GCC_PREPROCESSOR_DEFINITIONS = (
					"DEBUG=1",
					"$(inherited)",
				);
				GCC_WARN_64_TO_32_BIT_CONVERSION = YES;
				GCC_WARN_ABOUT_RETURN_TYPE = YES_ERROR;
				GCC_WARN_UNDECLARED_SELECTOR = YES;
				GCC_WARN_UNINITIALIZED_AUTOS = YES_AGGRESSIVE;
				GCC_WARN_UNUSED_FUNCTION = YES;
				GCC_WARN_UNUSED_VARIABLE = YES;
				IPHONEOS_DEPLOYMENT_TARGET = 15.4;
				MTL_ENABLE_DEBUG_INFO = INCLUDE_SOURCE;
				MTL_FAST_MATH = YES;
				ONLY_ACTIVE_ARCH = YES;
				SDKROOT = iphoneos;
				SWIFT_ACTIVE_COMPILATION_CONDITIONS = DEBUG;
				SWIFT_OPTIMIZATION_LEVEL = "-Onone";
			};
			name = Debug;
		};
		88C3D7AF27F3B14C000928A1 /* Release */ = {
			isa = XCBuildConfiguration;
			buildSettings = {
				ALWAYS_SEARCH_USER_PATHS = NO;
				CLANG_ANALYZER_NONNULL = YES;
				CLANG_ANALYZER_NUMBER_OBJECT_CONVERSION = YES_AGGRESSIVE;
				CLANG_CXX_LANGUAGE_STANDARD = "gnu++17";
				CLANG_ENABLE_MODULES = YES;
				CLANG_ENABLE_OBJC_ARC = YES;
				CLANG_ENABLE_OBJC_WEAK = YES;
				CLANG_WARN_BLOCK_CAPTURE_AUTORELEASING = YES;
				CLANG_WARN_BOOL_CONVERSION = YES;
				CLANG_WARN_COMMA = YES;
				CLANG_WARN_CONSTANT_CONVERSION = YES;
				CLANG_WARN_DEPRECATED_OBJC_IMPLEMENTATIONS = YES;
				CLANG_WARN_DIRECT_OBJC_ISA_USAGE = YES_ERROR;
				CLANG_WARN_DOCUMENTATION_COMMENTS = YES;
				CLANG_WARN_EMPTY_BODY = YES;
				CLANG_WARN_ENUM_CONVERSION = YES;
				CLANG_WARN_INFINITE_RECURSION = YES;
				CLANG_WARN_INT_CONVERSION = YES;
				CLANG_WARN_NON_LITERAL_NULL_CONVERSION = YES;
				CLANG_WARN_OBJC_IMPLICIT_RETAIN_SELF = YES;
				CLANG_WARN_OBJC_LITERAL_CONVERSION = YES;
				CLANG_WARN_OBJC_ROOT_CLASS = YES_ERROR;
				CLANG_WARN_QUOTED_INCLUDE_IN_FRAMEWORK_HEADER = YES;
				CLANG_WARN_RANGE_LOOP_ANALYSIS = YES;
				CLANG_WARN_STRICT_PROTOTYPES = YES;
				CLANG_WARN_SUSPICIOUS_MOVE = YES;
				CLANG_WARN_UNGUARDED_AVAILABILITY = YES_AGGRESSIVE;
				CLANG_WARN_UNREACHABLE_CODE = YES;
				CLANG_WARN__DUPLICATE_METHOD_MATCH = YES;
				COPY_PHASE_STRIP = NO;
				DEBUG_INFORMATION_FORMAT = "dwarf-with-dsym";
				ENABLE_NS_ASSERTIONS = NO;
				ENABLE_STRICT_OBJC_MSGSEND = YES;
				GCC_C_LANGUAGE_STANDARD = gnu11;
				GCC_NO_COMMON_BLOCKS = YES;
				GCC_WARN_64_TO_32_BIT_CONVERSION = YES;
				GCC_WARN_ABOUT_RETURN_TYPE = YES_ERROR;
				GCC_WARN_UNDECLARED_SELECTOR = YES;
				GCC_WARN_UNINITIALIZED_AUTOS = YES_AGGRESSIVE;
				GCC_WARN_UNUSED_FUNCTION = YES;
				GCC_WARN_UNUSED_VARIABLE = YES;
				IPHONEOS_DEPLOYMENT_TARGET = 15.4;
				MTL_ENABLE_DEBUG_INFO = NO;
				MTL_FAST_MATH = YES;
				SDKROOT = iphoneos;
				SWIFT_COMPILATION_MODE = wholemodule;
				SWIFT_OPTIMIZATION_LEVEL = "-O";
				VALIDATE_PRODUCT = YES;
			};
			name = Release;
		};
		88C3D7B127F3B14C000928A1 /* Debug */ = {
			isa = XCBuildConfiguration;
			buildSettings = {
				ASSETCATALOG_COMPILER_APPICON_NAME = AppIcon;
				ASSETCATALOG_COMPILER_GLOBAL_ACCENT_COLOR_NAME = AccentColor;
				CODE_SIGN_STYLE = Automatic;
				CURRENT_PROJECT_VERSION = 1;
				DEVELOPMENT_ASSET_PATHS = "\"rpi_traveler_app/Preview Content\"";
				DEVELOPMENT_TEAM = AFM4KLLG3P;
				ENABLE_PREVIEWS = YES;
				GENERATE_INFOPLIST_FILE = YES;
				INFOPLIST_KEY_UIApplicationSceneManifest_Generation = YES;
				INFOPLIST_KEY_UIApplicationSupportsIndirectInputEvents = YES;
				INFOPLIST_KEY_UILaunchScreen_Generation = YES;
				INFOPLIST_KEY_UISupportedInterfaceOrientations_iPad = "UIInterfaceOrientationPortrait UIInterfaceOrientationPortraitUpsideDown UIInterfaceOrientationLandscapeLeft UIInterfaceOrientationLandscapeRight";
				INFOPLIST_KEY_UISupportedInterfaceOrientations_iPhone = "UIInterfaceOrientationPortrait UIInterfaceOrientationLandscapeLeft UIInterfaceOrientationLandscapeRight";
				IPHONEOS_DEPLOYMENT_TARGET = 15.0;
				LD_RUNPATH_SEARCH_PATHS = (
					"$(inherited)",
					"@executable_path/Frameworks",
				);
				MARKETING_VERSION = 1.0;
				PRODUCT_BUNDLE_IDENTIFIER = "dimaryst.rpi-traveler-app";
				PRODUCT_NAME = "$(TARGET_NAME)";
				SWIFT_EMIT_LOC_STRINGS = YES;
				SWIFT_VERSION = 5.0;
				TARGETED_DEVICE_FAMILY = "1,2";
			};
			name = Debug;
		};
		88C3D7B227F3B14C000928A1 /* Release */ = {
			isa = XCBuildConfiguration;
			buildSettings = {
				ASSETCATALOG_COMPILER_APPICON_NAME = AppIcon;
				ASSETCATALOG_COMPILER_GLOBAL_ACCENT_COLOR_NAME = AccentColor;
				CODE_SIGN_STYLE = Automatic;
				CURRENT_PROJECT_VERSION = 1;
				DEVELOPMENT_ASSET_PATHS = "\"rpi_traveler_app/Preview Content\"";
				DEVELOPMENT_TEAM = AFM4KLLG3P;
				ENABLE_PREVIEWS = YES;
				GENERATE_INFOPLIST_FILE = YES;
				INFOPLIST_KEY_UIApplicationSceneManifest_Generation = YES;
				INFOPLIST_KEY_UIApplicationSupportsIndirectInputEvents = YES;
				INFOPLIST_KEY_UILaunchScreen_Generation = YES;
				INFOPLIST_KEY_UISupportedInterfaceOrientations_iPad = "UIInterfaceOrientationPortrait UIInterfaceOrientationPortraitUpsideDown UIInterfaceOrientationLandscapeLeft UIInterfaceOrientationLandscapeRight";
				INFOPLIST_KEY_UISupportedInterfaceOrientations_iPhone = "UIInterfaceOrientationPortrait UIInterfaceOrientationLandscapeLeft UIInterfaceOrientationLandscapeRight";
				IPHONEOS_DEPLOYMENT_TARGET = 15.0;
				LD_RUNPATH_SEARCH_PATHS = (
					"$(inherited)",
					"@executable_path/Frameworks",
				);
				MARKETING_VERSION = 1.0;
				PRODUCT_BUNDLE_IDENTIFIER = "dimaryst.rpi-traveler-app";
				PRODUCT_NAME = "$(TARGET_NAME)";
				SWIFT_EMIT_LOC_STRINGS = YES;
				SWIFT_VERSION = 5.0;
				TARGETED_DEVICE_FAMILY = "1,2";
			};
			name = Release;
		};
		88C3D7B427F3B14C000928A1 /* Debug */ = {
			isa = XCBuildConfiguration;
			buildSettings = {
				ALWAYS_EMBED_SWIFT_STANDARD_LIBRARIES = YES;
				BUNDLE_LOADER = "$(TEST_HOST)";
				CODE_SIGN_STYLE = Automatic;
				CURRENT_PROJECT_VERSION = 1;
				DEVELOPMENT_TEAM = AFM4KLLG3P;
				GENERATE_INFOPLIST_FILE = YES;
				IPHONEOS_DEPLOYMENT_TARGET = 15.4;
				MARKETING_VERSION = 1.0;
				PRODUCT_BUNDLE_IDENTIFIER = "dimaryst.rpi-traveler-appTests";
				PRODUCT_NAME = "$(TARGET_NAME)";
				SWIFT_EMIT_LOC_STRINGS = NO;
				SWIFT_VERSION = 5.0;
				TARGETED_DEVICE_FAMILY = "1,2";
				TEST_HOST = "$(BUILT_PRODUCTS_DIR)/rpi_traveler_app.app/rpi_traveler_app";
			};
			name = Debug;
		};
		88C3D7B527F3B14C000928A1 /* Release */ = {
			isa = XCBuildConfiguration;
			buildSettings = {
				ALWAYS_EMBED_SWIFT_STANDARD_LIBRARIES = YES;
				BUNDLE_LOADER = "$(TEST_HOST)";
				CODE_SIGN_STYLE = Automatic;
				CURRENT_PROJECT_VERSION = 1;
				DEVELOPMENT_TEAM = AFM4KLLG3P;
				GENERATE_INFOPLIST_FILE = YES;
				IPHONEOS_DEPLOYMENT_TARGET = 15.4;
				MARKETING_VERSION = 1.0;
				PRODUCT_BUNDLE_IDENTIFIER = "dimaryst.rpi-traveler-appTests";
				PRODUCT_NAME = "$(TARGET_NAME)";
				SWIFT_EMIT_LOC_STRINGS = NO;
				SWIFT_VERSION = 5.0;
				TARGETED_DEVICE_FAMILY = "1,2";
				TEST_HOST = "$(BUILT_PRODUCTS_DIR)/rpi_traveler_app.app/rpi_traveler_app";
			};
			name = Release;
		};
		88C3D7B727F3B14C000928A1 /* Debug */ = {
			isa = XCBuildConfiguration;
			buildSettings = {
				ALWAYS_EMBED_SWIFT_STANDARD_LIBRARIES = YES;
				CODE_SIGN_STYLE = Automatic;
				CURRENT_PROJECT_VERSION = 1;
				DEVELOPMENT_TEAM = AFM4KLLG3P;
				GENERATE_INFOPLIST_FILE = YES;
				MARKETING_VERSION = 1.0;
				PRODUCT_BUNDLE_IDENTIFIER = "dimaryst.rpi-traveler-appUITests";
				PRODUCT_NAME = "$(TARGET_NAME)";
				SWIFT_EMIT_LOC_STRINGS = NO;
				SWIFT_VERSION = 5.0;
				TARGETED_DEVICE_FAMILY = "1,2";
				TEST_TARGET_NAME = rpi_traveler_app;
			};
			name = Debug;
		};
		88C3D7B827F3B14C000928A1 /* Release */ = {
			isa = XCBuildConfiguration;
			buildSettings = {
				ALWAYS_EMBED_SWIFT_STANDARD_LIBRARIES = YES;
				CODE_SIGN_STYLE = Automatic;
				CURRENT_PROJECT_VERSION = 1;
				DEVELOPMENT_TEAM = AFM4KLLG3P;
				GENERATE_INFOPLIST_FILE = YES;
				MARKETING_VERSION = 1.0;
				PRODUCT_BUNDLE_IDENTIFIER = "dimaryst.rpi-traveler-appUITests";
				PRODUCT_NAME = "$(TARGET_NAME)";
				SWIFT_EMIT_LOC_STRINGS = NO;
				SWIFT_VERSION = 5.0;
				TARGETED_DEVICE_FAMILY = "1,2";
				TEST_TARGET_NAME = rpi_traveler_app;
			};
			name = Release;
		};
/* End XCBuildConfiguration section */

/* Begin XCConfigurationList section */
		88C3D78227F3B148000928A1 /* Build configuration list for PBXProject "rpi_traveler_app" */ = {
			isa = XCConfigurationList;
			buildConfigurations = (
				88C3D7AE27F3B14C000928A1 /* Debug */,
				88C3D7AF27F3B14C000928A1 /* Release */,
			);
			defaultConfigurationIsVisible = 0;
			defaultConfigurationName = Release;
		};
		88C3D7B027F3B14C000928A1 /* Build configuration list for PBXNativeTarget "rpi_traveler_app" */ = {
			isa = XCConfigurationList;
			buildConfigurations = (
				88C3D7B127F3B14C000928A1 /* Debug */,
				88C3D7B227F3B14C000928A1 /* Release */,
			);
			defaultConfigurationIsVisible = 0;
			defaultConfigurationName = Release;
		};
		88C3D7B327F3B14C000928A1 /* Build configuration list for PBXNativeTarget "rpi_traveler_appTests" */ = {
			isa = XCConfigurationList;
			buildConfigurations = (
				88C3D7B427F3B14C000928A1 /* Debug */,
				88C3D7B527F3B14C000928A1 /* Release */,
			);
			defaultConfigurationIsVisible = 0;
			defaultConfigurationName = Release;
		};
		88C3D7B627F3B14C000928A1 /* Build configuration list for PBXNativeTarget "rpi_traveler_appUITests" */ = {
			isa = XCConfigurationList;
			buildConfigurations = (
				88C3D7B727F3B14C000928A1 /* Debug */,
				88C3D7B827F3B14C000928A1 /* Release */,
			);
			defaultConfigurationIsVisible = 0;
			defaultConfigurationName = Release;
		};
/* End XCConfigurationList section */

/* Begin XCVersionGroup section */
		88C3D79527F3B14B000928A1 /* rpi_traveler_app.xcdatamodeld */ = {
			isa = XCVersionGroup;
			children = (
				88C3D79627F3B14B000928A1 /* rpi_traveler_app.xcdatamodel */,
			);
			currentVersion = 88C3D79627F3B14B000928A1 /* rpi_traveler_app.xcdatamodel */;
			path = rpi_traveler_app.xcdatamodeld;
			sourceTree = "<group>";
			versionGroupType = wrapper.xcdatamodel;
		};
/* End XCVersionGroup section */
	};
	rootObject = 88C3D77F27F3B148000928A1 /* Project object */;
}
